
Microsoft Visual Studio Solution File, Format Version 12.00
# Visual Studio 2013
VisualStudioVersion = 12.0.30723.0
MinimumVisualStudioVersion = 10.0.40219.1
Project("{FAE04EC0-301F-11D3-BF4B-00C04F79EFBC}") = "ScPlums", "ScPlums\ScPlums.csproj", "{2CA6B36C-06B6-4F2D-9F69-6C92301F622A}"
EndProject
Project("{FAE04EC0-301F-11D3-BF4B-00C04F79EFBC}") = "ScPlums.Vso", "ScPlums.Vso\ScPlums.Vso.csproj", "{329AA1BB-F743-4E29-BE56-76A9652383C1}"
EndProject
Global
	GlobalSection(SolutionConfigurationPlatforms) = preSolution
		Debug|Any CPU = Debug|Any CPU
		Release|Any CPU = Release|Any CPU
	EndGlobalSection
	GlobalSection(ProjectConfigurationPlatforms) = postSolution
		{2CA6B36C-06B6-4F2D-9F69-6C92301F622A}.Debug|Any CPU.ActiveCfg = Debug|Any CPU
		{2CA6B36C-06B6-4F2D-9F69-6C92301F622A}.Debug|Any CPU.Build.0 = Debug|Any CPU
		{2CA6B36C-06B6-4F2D-9F69-6C92301F622A}.Release|Any CPU.ActiveCfg = Release|Any CPU
		{2CA6B36C-06B6-4F2D-9F69-6C92301F622A}.Release|Any CPU.Build.0 = Release|Any CPU
		{329AA1BB-F743-4E29-BE56-76A9652383C1}.Debug|Any CPU.ActiveCfg = Debug|Any CPU
		{329AA1BB-F743-4E29-BE56-76A9652383C1}.Debug|Any CPU.Build.0 = Debug|Any CPU
		{329AA1BB-F743-4E29-BE56-76A9652383C1}.Release|Any CPU.ActiveCfg = Release|Any CPU
		{329AA1BB-F743-4E29-BE56-76A9652383C1}.Release|Any CPU.Build.0 = Release|Any CPU
	EndGlobalSection
	GlobalSection(SolutionProperties) = preSolution
		HideSolutionNode = FALSE
	EndGlobalSection
EndGlobal
